
Microsoft Visual Studio Solution File, Format Version 12.00
# Visual Studio Version 17
VisualStudioVersion = 17.9.34616.47
MinimumVisualStudioVersion = 10.0.40219.1
Project("{8BC9CEB8-8B4A-11D0-8D11-00A0C91BC942}") = "ConsoleApplication1", "ConsoleApplication1.vcxproj", "{ADBEFB92-E1EE-45C7-B895-E0240A4EECFC}"
EndProject
Global
	GlobalSection(SolutionConfigurationPlatforms) = preSolution
		Debug|x64 = Debug|x64
		Debug|x86 = Debug|x86
		Release|x64 = Release|x64
		Release|x86 = Release|x86
	EndGlobalSection
	GlobalSection(ProjectConfigurationPlatforms) = postSolution
		{ADBEFB92-E1EE-45C7-B895-E0240A4EECFC}.Debug|x64.ActiveCfg = Debug|x64
		{ADBEFB92-E1EE-45C7-B895-E0240A4EECFC}.Debug|x64.Build.0 = Debug|x64
		{ADBEFB92-E1EE-45C7-B895-E0240A4EECFC}.Debug|x86.ActiveCfg = Debug|Win32
		{ADBEFB92-E1EE-45C7-B895-E0240A4EECFC}.Debug|x86.Build.0 = Debug|Win32
		{ADBEFB92-E1EE-45C7-B895-E0240A4EECFC}.Release|x64.ActiveCfg = Release|x64
		{ADBEFB92-E1EE-45C7-B895-E0240A4EECFC}.Release|x64.Build.0 = Release|x64
		{ADBEFB92-E1EE-45C7-B895-E0240A4EECFC}.Release|x86.ActiveCfg = Release|Win32
		{ADBEFB92-E1EE-45C7-B895-E0240A4EECFC}.Release|x86.Build.0 = Release|Win32
	EndGlobalSection
	GlobalSection(SolutionProperties) = preSolution
		HideSolutionNode = FALSE
	EndGlobalSection
	GlobalSection(ExtensibilityGlobals) = postSolution
		SolutionGuid = {9994F323-D267-423A-99FB-2D3C88716867}
	EndGlobalSection
EndGlobal
